
Microsoft Visual Studio Solution File, Format Version 12.00
# Visual Studio Version 17
VisualStudioVersion = 17.7.34221.43
MinimumVisualStudioVersion = 10.0.40219.1
Project("{9A19103F-16F7-4668-BE54-9A1E7A4F7556}") = "blog-app-test", "blog-app-test\blog-app-test.csproj", "{5C120853-E750-4282-9BFC-16D10F4AB456}"
EndProject
Project("{FAE04EC0-301F-11D3-BF4B-00C04F79EFBC}") = "blog-app-test-api", "blog-app-test-api\blog-app-test-api.csproj", "{6E3E2F23-A240-41CE-8623-6A0E4CBA0D33}"
EndProject
Global
	GlobalSection(SolutionConfigurationPlatforms) = preSolution
		Debug|Any CPU = Debug|Any CPU
		Release|Any CPU = Release|Any CPU
	EndGlobalSection
	GlobalSection(ProjectConfigurationPlatforms) = postSolution
		{5C120853-E750-4282-9BFC-16D10F4AB456}.Debug|Any CPU.ActiveCfg = Debug|Any CPU
		{5C120853-E750-4282-9BFC-16D10F4AB456}.Debug|Any CPU.Build.0 = Debug|Any CPU
		{5C120853-E750-4282-9BFC-16D10F4AB456}.Release|Any CPU.ActiveCfg = Release|Any CPU
		{5C120853-E750-4282-9BFC-16D10F4AB456}.Release|Any CPU.Build.0 = Release|Any CPU
		{6E3E2F23-A240-41CE-8623-6A0E4CBA0D33}.Debug|Any CPU.ActiveCfg = Debug|Any CPU
		{6E3E2F23-A240-41CE-8623-6A0E4CBA0D33}.Debug|Any CPU.Build.0 = Debug|Any CPU
		{6E3E2F23-A240-41CE-8623-6A0E4CBA0D33}.Release|Any CPU.ActiveCfg = Release|Any CPU
		{6E3E2F23-A240-41CE-8623-6A0E4CBA0D33}.Release|Any CPU.Build.0 = Release|Any CPU
	EndGlobalSection
	GlobalSection(SolutionProperties) = preSolution
		HideSolutionNode = FALSE
	EndGlobalSection
	GlobalSection(ExtensibilityGlobals) = postSolution
		SolutionGuid = {83648BF3-C864-46FE-846D-8ED441949965}
	EndGlobalSection
EndGlobal
